
Microsoft Visual Studio Solution File, Format Version 12.00
# Visual Studio Version 16
VisualStudioVersion = 16.0.32802.440
MinimumVisualStudioVersion = 10.0.40219.1
Project("{FAE04EC0-301F-11D3-BF4B-00C04F79EFBC}") = "WinClient", "WinClient\WinClient.csproj", "{FA0B14A4-EA9D-45AF-B56E-FB94C12211CC}"
EndProject
Global
	GlobalSection(SolutionConfigurationPlatforms) = preSolution
		Debug|Any CPU = Debug|Any CPU
		Release|Any CPU = Release|Any CPU
	EndGlobalSection
	GlobalSection(ProjectConfigurationPlatforms) = postSolution
		{FA0B14A4-EA9D-45AF-B56E-FB94C12211CC}.Debug|Any CPU.ActiveCfg = Debug|Any CPU
		{FA0B14A4-EA9D-45AF-B56E-FB94C12211CC}.Debug|Any CPU.Build.0 = Debug|Any CPU
		{FA0B14A4-EA9D-45AF-B56E-FB94C12211CC}.Release|Any CPU.ActiveCfg = Release|Any CPU
		{FA0B14A4-EA9D-45AF-B56E-FB94C12211CC}.Release|Any CPU.Build.0 = Release|Any CPU
	EndGlobalSection
	GlobalSection(SolutionProperties) = preSolution
		HideSolutionNode = FALSE
	EndGlobalSection
	GlobalSection(ExtensibilityGlobals) = postSolution
		SolutionGuid = {F7066280-1B6F-4F6C-A0DA-A2D9F89D3F86}
	EndGlobalSection
EndGlobal
