
Microsoft Visual Studio Solution File, Format Version 12.00
# Visual Studio Version 16
VisualStudioVersion = 16.0.32802.440
MinimumVisualStudioVersion = 10.0.40219.1
Project("{FAE04EC0-301F-11D3-BF4B-00C04F79EFBC}") = "Employee", "Employee\Employee.csproj", "{565A9A5A-D336-4CB3-B701-61587428DF70}"
EndProject
Global
	GlobalSection(SolutionConfigurationPlatforms) = preSolution
		Debug|Any CPU = Debug|Any CPU
		Release|Any CPU = Release|Any CPU
	EndGlobalSection
	GlobalSection(ProjectConfigurationPlatforms) = postSolution
		{565A9A5A-D336-4CB3-B701-61587428DF70}.Debug|Any CPU.ActiveCfg = Debug|Any CPU
		{565A9A5A-D336-4CB3-B701-61587428DF70}.Debug|Any CPU.Build.0 = Debug|Any CPU
		{565A9A5A-D336-4CB3-B701-61587428DF70}.Release|Any CPU.ActiveCfg = Release|Any CPU
		{565A9A5A-D336-4CB3-B701-61587428DF70}.Release|Any CPU.Build.0 = Release|Any CPU
	EndGlobalSection
	GlobalSection(SolutionProperties) = preSolution
		HideSolutionNode = FALSE
	EndGlobalSection
	GlobalSection(ExtensibilityGlobals) = postSolution
		SolutionGuid = {CDADCE42-4614-4903-984E-B46D9EFAB26E}
	EndGlobalSection
EndGlobal
